
Microsoft Visual Studio Solution File, Format Version 12.00
# Visual Studio 15
VisualStudioVersion = 15.0.28307.1831
MinimumVisualStudioVersion = 10.0.40219.1
Project("{FAE04EC0-301F-11D3-BF4B-00C04F79EFBC}") = "IMDB", "IMDB\IMDB.csproj", "{7859876D-B65F-4BBF-828B-9A68B1FB674D}"
EndProject
Global
	GlobalSection(SolutionConfigurationPlatforms) = preSolution
		Debug|Any CPU = Debug|Any CPU
		Release|Any CPU = Release|Any CPU
	EndGlobalSection
	GlobalSection(ProjectConfigurationPlatforms) = postSolution
		{7859876D-B65F-4BBF-828B-9A68B1FB674D}.Debug|Any CPU.ActiveCfg = Debug|Any CPU
		{7859876D-B65F-4BBF-828B-9A68B1FB674D}.Debug|Any CPU.Build.0 = Debug|Any CPU
		{7859876D-B65F-4BBF-828B-9A68B1FB674D}.Release|Any CPU.ActiveCfg = Release|Any CPU
		{7859876D-B65F-4BBF-828B-9A68B1FB674D}.Release|Any CPU.Build.0 = Release|Any CPU
	EndGlobalSection
	GlobalSection(SolutionProperties) = preSolution
		HideSolutionNode = FALSE
	EndGlobalSection
	GlobalSection(ExtensibilityGlobals) = postSolution
		SolutionGuid = {45C9ADFE-EC14-4A77-9991-56FBD0A3194C}
	EndGlobalSection
EndGlobal
